
Microsoft Visual Studio Solution File, Format Version 12.00
# Visual Studio Version 17
VisualStudioVersion = 17.6.33717.318
MinimumVisualStudioVersion = 10.0.40219.1
Project("{FAE04EC0-301F-11D3-BF4B-00C04F79EFBC}") = "ATOM.CAP", "ATOM.CAP\ATOM.CAP.csproj", "{4788D983-F1BE-4A09-AC25-60DDFFD63CCD}"
EndProject
Project("{2150E333-8FDC-42A3-9474-1A3956D46DE8}") = "Client", "Client", "{23B173E5-2B1A-474B-B741-6EBF52DCAA12}"
EndProject
Project("{2150E333-8FDC-42A3-9474-1A3956D46DE8}") = "Server", "Server", "{B9690AA5-E7A4-4C26-83BB-EBF755F49F5B}"
EndProject
Project("{2150E333-8FDC-42A3-9474-1A3956D46DE8}") = "API", "API", "{9B8F0D78-A40A-490B-8543-E1CAE69A0F72}"
EndProject
Project("{2150E333-8FDC-42A3-9474-1A3956D46DE8}") = "Core", "Core", "{7CC296C5-85C0-4BE9-BD5B-B7CDC9065737}"
EndProject
Project("{2150E333-8FDC-42A3-9474-1A3956D46DE8}") = "Domain", "Domain", "{944F0378-6B9C-48B5-B8C1-C0389923DEB3}"
EndProject
Project("{2150E333-8FDC-42A3-9474-1A3956D46DE8}") = "Infrastructure", "Infrastructure", "{EF31E96E-6094-4A4A-99E0-FBFD324D8972}"
EndProject
Project("{FAE04EC0-301F-11D3-BF4B-00C04F79EFBC}") = "ATOM.CAP.Core", "ATOM.CAP.Core\ATOM.CAP.Core.csproj", "{9B4C228E-8871-4EFE-B6DC-1BF44F88CB7C}"
EndProject
Project("{FAE04EC0-301F-11D3-BF4B-00C04F79EFBC}") = "ATOM.CAP.Model", "ATOM.CAP.Model\ATOM.CAP.Model.csproj", "{D05C6E38-BBDC-485D-A63C-D23C3578C89D}"
EndProject
Project("{FAE04EC0-301F-11D3-BF4B-00C04F79EFBC}") = "ATOM.CAP.Service", "ATOM.CAP.Service\ATOM.CAP.Service.csproj", "{1F43D4D5-9195-4949-AE4B-482EEECD6B42}"
EndProject
Project("{FAE04EC0-301F-11D3-BF4B-00C04F79EFBC}") = "ATOM.CAP.DataSource", "ATOM.CAP.DataSource\ATOM.CAP.DataSource.csproj", "{83BC0163-C6C2-4CE8-AA3B-4BAD4A1B7A23}"
EndProject
Project("{FAE04EC0-301F-11D3-BF4B-00C04F79EFBC}") = "ATOM.CAP.Domain", "ATOM.CAP.Domain\ATOM.CAP.Domain.csproj", "{5862CF65-C27F-4310-B113-8F25F7192836}"
EndProject
Project("{FAE04EC0-301F-11D3-BF4B-00C04F79EFBC}") = "ATOM.CAP.DAL", "ATOM.CAP.DAL\ATOM.CAP.DAL.csproj", "{91128E46-58A2-4880-9C20-4A1901528B0D}"
EndProject
Global
	GlobalSection(SolutionConfigurationPlatforms) = preSolution
		Debug|Any CPU = Debug|Any CPU
		Release|Any CPU = Release|Any CPU
	EndGlobalSection
	GlobalSection(ProjectConfigurationPlatforms) = postSolution
		{4788D983-F1BE-4A09-AC25-60DDFFD63CCD}.Debug|Any CPU.ActiveCfg = Debug|Any CPU
		{4788D983-F1BE-4A09-AC25-60DDFFD63CCD}.Debug|Any CPU.Build.0 = Debug|Any CPU
		{4788D983-F1BE-4A09-AC25-60DDFFD63CCD}.Release|Any CPU.ActiveCfg = Release|Any CPU
		{4788D983-F1BE-4A09-AC25-60DDFFD63CCD}.Release|Any CPU.Build.0 = Release|Any CPU
		{9B4C228E-8871-4EFE-B6DC-1BF44F88CB7C}.Debug|Any CPU.ActiveCfg = Debug|Any CPU
		{9B4C228E-8871-4EFE-B6DC-1BF44F88CB7C}.Debug|Any CPU.Build.0 = Debug|Any CPU
		{9B4C228E-8871-4EFE-B6DC-1BF44F88CB7C}.Release|Any CPU.ActiveCfg = Release|Any CPU
		{9B4C228E-8871-4EFE-B6DC-1BF44F88CB7C}.Release|Any CPU.Build.0 = Release|Any CPU
		{D05C6E38-BBDC-485D-A63C-D23C3578C89D}.Debug|Any CPU.ActiveCfg = Debug|Any CPU
		{D05C6E38-BBDC-485D-A63C-D23C3578C89D}.Debug|Any CPU.Build.0 = Debug|Any CPU
		{D05C6E38-BBDC-485D-A63C-D23C3578C89D}.Release|Any CPU.ActiveCfg = Release|Any CPU
		{D05C6E38-BBDC-485D-A63C-D23C3578C89D}.Release|Any CPU.Build.0 = Release|Any CPU
		{1F43D4D5-9195-4949-AE4B-482EEECD6B42}.Debug|Any CPU.ActiveCfg = Debug|Any CPU
		{1F43D4D5-9195-4949-AE4B-482EEECD6B42}.Debug|Any CPU.Build.0 = Debug|Any CPU
		{1F43D4D5-9195-4949-AE4B-482EEECD6B42}.Release|Any CPU.ActiveCfg = Release|Any CPU
		{1F43D4D5-9195-4949-AE4B-482EEECD6B42}.Release|Any CPU.Build.0 = Release|Any CPU
		{83BC0163-C6C2-4CE8-AA3B-4BAD4A1B7A23}.Debug|Any CPU.ActiveCfg = Debug|Any CPU
		{83BC0163-C6C2-4CE8-AA3B-4BAD4A1B7A23}.Debug|Any CPU.Build.0 = Debug|Any CPU
		{83BC0163-C6C2-4CE8-AA3B-4BAD4A1B7A23}.Release|Any CPU.ActiveCfg = Release|Any CPU
		{83BC0163-C6C2-4CE8-AA3B-4BAD4A1B7A23}.Release|Any CPU.Build.0 = Release|Any CPU
		{5862CF65-C27F-4310-B113-8F25F7192836}.Debug|Any CPU.ActiveCfg = Debug|Any CPU
		{5862CF65-C27F-4310-B113-8F25F7192836}.Debug|Any CPU.Build.0 = Debug|Any CPU
		{5862CF65-C27F-4310-B113-8F25F7192836}.Release|Any CPU.ActiveCfg = Release|Any CPU
		{5862CF65-C27F-4310-B113-8F25F7192836}.Release|Any CPU.Build.0 = Release|Any CPU
		{91128E46-58A2-4880-9C20-4A1901528B0D}.Debug|Any CPU.ActiveCfg = Debug|Any CPU
		{91128E46-58A2-4880-9C20-4A1901528B0D}.Debug|Any CPU.Build.0 = Debug|Any CPU
		{91128E46-58A2-4880-9C20-4A1901528B0D}.Release|Any CPU.ActiveCfg = Release|Any CPU
		{91128E46-58A2-4880-9C20-4A1901528B0D}.Release|Any CPU.Build.0 = Release|Any CPU
	EndGlobalSection
	GlobalSection(SolutionProperties) = preSolution
		HideSolutionNode = FALSE
	EndGlobalSection
	GlobalSection(NestedProjects) = preSolution
		{4788D983-F1BE-4A09-AC25-60DDFFD63CCD} = {9B8F0D78-A40A-490B-8543-E1CAE69A0F72}
		{9B8F0D78-A40A-490B-8543-E1CAE69A0F72} = {B9690AA5-E7A4-4C26-83BB-EBF755F49F5B}
		{7CC296C5-85C0-4BE9-BD5B-B7CDC9065737} = {B9690AA5-E7A4-4C26-83BB-EBF755F49F5B}
		{944F0378-6B9C-48B5-B8C1-C0389923DEB3} = {B9690AA5-E7A4-4C26-83BB-EBF755F49F5B}
		{EF31E96E-6094-4A4A-99E0-FBFD324D8972} = {B9690AA5-E7A4-4C26-83BB-EBF755F49F5B}
		{9B4C228E-8871-4EFE-B6DC-1BF44F88CB7C} = {7CC296C5-85C0-4BE9-BD5B-B7CDC9065737}
		{D05C6E38-BBDC-485D-A63C-D23C3578C89D} = {7CC296C5-85C0-4BE9-BD5B-B7CDC9065737}
		{1F43D4D5-9195-4949-AE4B-482EEECD6B42} = {7CC296C5-85C0-4BE9-BD5B-B7CDC9065737}
		{83BC0163-C6C2-4CE8-AA3B-4BAD4A1B7A23} = {7CC296C5-85C0-4BE9-BD5B-B7CDC9065737}
		{5862CF65-C27F-4310-B113-8F25F7192836} = {944F0378-6B9C-48B5-B8C1-C0389923DEB3}
		{91128E46-58A2-4880-9C20-4A1901528B0D} = {EF31E96E-6094-4A4A-99E0-FBFD324D8972}
	EndGlobalSection
	GlobalSection(ExtensibilityGlobals) = postSolution
		SolutionGuid = {2D5DD0C2-EDEB-4692-8961-B6CCC5A2EAEC}
	EndGlobalSection
EndGlobal
